
Microsoft Visual Studio Solution File, Format Version 12.00
# Visual Studio Version 17
VisualStudioVersion = 17.9.34607.119
MinimumVisualStudioVersion = 10.0.40219.1
Project("{888888A0-9F3D-457C-B088-3A5042F75D52}") = "Trees", "Trees\Trees.pyproj", "{1F4CA730-B60A-487C-A598-4F7C18BB4005}"
EndProject
Global
	GlobalSection(SolutionConfigurationPlatforms) = preSolution
		Debug|Any CPU = Debug|Any CPU
		Release|Any CPU = Release|Any CPU
	EndGlobalSection
	GlobalSection(ProjectConfigurationPlatforms) = postSolution
		{1F4CA730-B60A-487C-A598-4F7C18BB4005}.Debug|Any CPU.ActiveCfg = Debug|Any CPU
		{1F4CA730-B60A-487C-A598-4F7C18BB4005}.Release|Any CPU.ActiveCfg = Release|Any CPU
	EndGlobalSection
	GlobalSection(SolutionProperties) = preSolution
		HideSolutionNode = FALSE
	EndGlobalSection
	GlobalSection(ExtensibilityGlobals) = postSolution
		SolutionGuid = {063EFAD9-07E1-498A-A145-3F71E21517FA}
	EndGlobalSection
EndGlobal
